github.com/maximepeschard/adventofcode2019 v0.0.0-20191206225000-25e6394541a2 h1:Enbq361cxdHpDZDCf+IzFXDIpWKDQrd8uJ0IhXtsskY=
github.com/maximepeschard/adventofcode2019 v0.0.0-20191210192446-afea489162ef h1:3T8TPQ1C8j06+Fl2mG2FtLrVd4gaJRsZzAi4CHJmokA=
github.com/maximepeschard/adventofcode2019/05_diagnostic v0.0.0-20191206225000-25e6394541a2 h1:yTJgjwINVpvzTU3x5xMP9cmiCGFJNvaaZk3mBgRaC1s=
github.com/maximepeschard/adventofcode2019/05_diagnostic v0.0.0-20191206225000-25e6394541a2/go.mod h1:tc17uOc/TC5Z3C14Xve65KC2AJhMAh+KM6bZoMvWnTY=
github.com/maximepeschard/adventofcode2019/05_diagnostic v0.0.0-20191210192446-afea489162ef h1:y5mH/U/5TUpqpJgAASlfcMc5dYhizRvfczY/btrFdEM=
github.com/maximepeschard/adventofcode2019/05_diagnostic v0.0.0-20191210192446-afea489162ef/go.mod h1:tc17uOc/TC5Z3C14Xve65KC2AJhMAh+KM6bZoMvWnTY=
